
Microsoft Visual Studio Solution File, Format Version 12.00
# Visual Studio Version 17
VisualStudioVersion = 17.4.33213.308
MinimumVisualStudioVersion = 10.0.40219.1
Project("{2150E333-8FDC-42A3-9474-1A3956D46DE8}") = "02. Api.Gateways", "02. Api.Gateways", "{FE458544-43FF-4659-9DCC-EC31E7239810}"
EndProject
Project("{2150E333-8FDC-42A3-9474-1A3956D46DE8}") = "03. Services", "03. Services", "{9412916C-2C41-445D-8EF2-FCD934C7F7FF}"
EndProject
Project("{2150E333-8FDC-42A3-9474-1A3956D46DE8}") = "01. Identity", "01. Identity", "{9F3903EA-A144-4F3A-B944-C1B35BAF668F}"
EndProject
Project("{2150E333-8FDC-42A3-9474-1A3956D46DE8}") = "02. Catalog", "02. Catalog", "{101DCDBE-D247-4B5E-AEA9-B7F8938A7827}"
EndProject
Project("{2150E333-8FDC-42A3-9474-1A3956D46DE8}") = "03. Customer", "03. Customer", "{0DD6EEAE-734C-49EE-BE69-B4B2F6B316CE}"
EndProject
Project("{2150E333-8FDC-42A3-9474-1A3956D46DE8}") = "04. Order", "04. Order", "{B51784CD-BA04-4DBE-B268-3A8F9F0B7C37}"
EndProject
Project("{9A19103F-16F7-4668-BE54-9A1E7A4F7556}") = "Catalog.API", "src\Services\Catalog\Catalog.API\Catalog.API.csproj", "{6DFB3351-14FB-4F2C-A923-5A171389E9E3}"
EndProject
Project("{2150E333-8FDC-42A3-9474-1A3956D46DE8}") = "01. Api", "01. Api", "{CF2AFBE1-80AD-4F2E-BF26-72721E316E41}"
EndProject
Project("{2150E333-8FDC-42A3-9474-1A3956D46DE8}") = "02. Services", "02. Services", "{9791F4F8-D74F-43FC-878A-F8E9CAD811A2}"
EndProject
Project("{2150E333-8FDC-42A3-9474-1A3956D46DE8}") = "03. Persistence", "03. Persistence", "{94F5D37F-F35E-4285-94C2-81A85BA8BFF5}"
EndProject
Project("{2150E333-8FDC-42A3-9474-1A3956D46DE8}") = "04. Models", "04. Models", "{01F26B42-251A-4BAF-81AF-0D775F58E0E7}"
EndProject
Project("{9A19103F-16F7-4668-BE54-9A1E7A4F7556}") = "Catalog.Domain", "src\Services\Catalog\Catalog.Domain\Catalog.Domain.csproj", "{B491FA23-E334-46E4-B7BE-62649EDBE62A}"
EndProject
Project("{9A19103F-16F7-4668-BE54-9A1E7A4F7556}") = "Catalog.Persistence.Database", "src\Services\Catalog\Catalog.Persistence.Database\Catalog.Persistence.Database.csproj", "{FB033CF3-9FBC-41E2-AD84-19282DC0A3EC}"
EndProject
Project("{9A19103F-16F7-4668-BE54-9A1E7A4F7556}") = "Catalog.Services.Queries", "src\Services\Catalog\Catalog.Services.Queries\Catalog.Services.Queries.csproj", "{A9B99D3E-7FB6-4BF2-BF72-F23F2C5B92F4}"
EndProject
Project("{2150E333-8FDC-42A3-9474-1A3956D46DE8}") = "Common", "Common", "{0674DEE8-DD7F-40F7-9F29-D4E7F203BA74}"
EndProject
Project("{9A19103F-16F7-4668-BE54-9A1E7A4F7556}") = "Services.Common.Collection", "src\Services\Common\Services.Common.Collection\Services.Common.Collection.csproj", "{DA777310-4A81-48EC-9B28-1D10C51D8D63}"
EndProject
Project("{9A19103F-16F7-4668-BE54-9A1E7A4F7556}") = "Services.Common.Mapping", "src\Services\Common\Services.Common.Mapping\Services.Common.Mapping.csproj", "{36900C45-0CA8-4721-81E5-DAA4A58EC24C}"
EndProject
Project("{9A19103F-16F7-4668-BE54-9A1E7A4F7556}") = "Services.Common.Paging", "src\Services\Common\Services.Common.Paging\Services.Common.Paging.csproj", "{5CFBE153-CE22-454E-9E32-FE940C57BD8E}"
EndProject
Project("{2150E333-8FDC-42A3-9474-1A3956D46DE8}") = "API", "API", "{6BE93CE8-82F6-4942-B385-20E201318BD8}"
EndProject
Project("{2150E333-8FDC-42A3-9474-1A3956D46DE8}") = "Services", "Services", "{5FBCE1D9-FB36-4EF6-AC46-399D70540F79}"
EndProject
Project("{2150E333-8FDC-42A3-9474-1A3956D46DE8}") = "Persistence", "Persistence", "{B5BBC00C-06C0-4B3E-AD42-4EB203EF28F8}"
EndProject
Project("{2150E333-8FDC-42A3-9474-1A3956D46DE8}") = "Models", "Models", "{EBB82A99-04EC-42B1-AB9C-217A8343EA55}"
EndProject
Project("{9A19103F-16F7-4668-BE54-9A1E7A4F7556}") = "Identity.Api", "..\Kodoti-Commerce-Microservice-Architecture-.NET-Core-master\src\Services\Identity\Identity.Api\Identity.Api.csproj", "{D8FA72D0-FA58-44ED-9946-323F3B32CFE4}"
EndProject
Project("{9A19103F-16F7-4668-BE54-9A1E7A4F7556}") = "Identity.Service.Queries", "..\Kodoti-Commerce-Microservice-Architecture-.NET-Core-master\src\Services\Identity\Identity.Service.Queries\Identity.Service.Queries.csproj", "{71CC5942-72C6-4EE6-AA1A-82597F1D4581}"
EndProject
Project("{9A19103F-16F7-4668-BE54-9A1E7A4F7556}") = "Identity.Service.EventHandlers", "..\Kodoti-Commerce-Microservice-Architecture-.NET-Core-master\src\Services\Identity\Identity.Service.EventHandlers\Identity.Service.EventHandlers.csproj", "{F5CACD3C-6F9D-4BF1-A81E-9E057AC477A6}"
EndProject
Project("{9A19103F-16F7-4668-BE54-9A1E7A4F7556}") = "Identity.Domain", "..\Kodoti-Commerce-Microservice-Architecture-.NET-Core-master\src\Services\Identity\Identity.Domain\Identity.Domain.csproj", "{22BEBF0A-6895-4ACB-84AE-697DFA7CF7BC}"
EndProject
Project("{9A19103F-16F7-4668-BE54-9A1E7A4F7556}") = "Identity.Persistence.Database", "..\Kodoti-Commerce-Microservice-Architecture-.NET-Core-master\src\Services\Identity\Identity.Persistence.Database\Identity.Persistence.Database.csproj", "{0C039864-513B-4D8C-856E-5E7EF1D3983B}"
EndProject
Project("{2150E333-8FDC-42A3-9474-1A3956D46DE8}") = "API", "API", "{7D29F73C-4702-4F80-960A-C3E7BCFB1638}"
EndProject
Project("{2150E333-8FDC-42A3-9474-1A3956D46DE8}") = "Services", "Services", "{BE70588D-CFAD-42C6-B145-4253E23C8717}"
EndProject
Project("{2150E333-8FDC-42A3-9474-1A3956D46DE8}") = "Persistence", "Persistence", "{7D5E48BE-710B-4C1D-8A8F-41575C7AC2B8}"
EndProject
Project("{2150E333-8FDC-42A3-9474-1A3956D46DE8}") = "Models", "Models", "{9552726C-3187-4624-8383-A4CCC09C3ABD}"
EndProject
Project("{9A19103F-16F7-4668-BE54-9A1E7A4F7556}") = "Customer.Api", "..\Kodoti-Commerce-Microservice-Architecture-.NET-Core-master\src\Services\Customer\Customer.Api\Customer.Api.csproj", "{F8B560F6-140B-4334-A489-C14609AAD8AE}"
EndProject
Project("{9A19103F-16F7-4668-BE54-9A1E7A4F7556}") = "Customer.Domain", "..\Kodoti-Commerce-Microservice-Architecture-.NET-Core-master\src\Services\Customer\Customer.Domain\Customer.Domain.csproj", "{E8DBEE08-034E-459B-9DE6-7C39B1967348}"
EndProject
Project("{9A19103F-16F7-4668-BE54-9A1E7A4F7556}") = "Customer.Persistence.Database", "..\Kodoti-Commerce-Microservice-Architecture-.NET-Core-master\src\Services\Customer\Customer.Persistence.Database\Customer.Persistence.Database.csproj", "{EB90F022-566E-4175-9B34-03AB7853D426}"
EndProject
Project("{9A19103F-16F7-4668-BE54-9A1E7A4F7556}") = "Customer.Service.EventHandlers", "..\Kodoti-Commerce-Microservice-Architecture-.NET-Core-master\src\Services\Customer\Customer.Service.EventHandlers\Customer.Service.EventHandlers.csproj", "{08814EA7-45C5-4389-864C-9F18775B5040}"
EndProject
Project("{9A19103F-16F7-4668-BE54-9A1E7A4F7556}") = "Customer.Service.Queries", "..\Kodoti-Commerce-Microservice-Architecture-.NET-Core-master\src\Services\Customer\Customer.Service.Queries\Customer.Service.Queries.csproj", "{A834DB1D-D51F-43C3-87F2-2CF9F529ACFD}"
EndProject
Project("{2150E333-8FDC-42A3-9474-1A3956D46DE8}") = "NewFolder1", "NewFolder1", "{9479F335-7DD6-44B1-BD42-9C5EC97A0AB9}"
EndProject
Project("{2150E333-8FDC-42A3-9474-1A3956D46DE8}") = "API", "API", "{FA1327DE-7488-4ECE-89CE-27051A3135C1}"
EndProject
Project("{2150E333-8FDC-42A3-9474-1A3956D46DE8}") = "Models", "Models", "{B3822EFA-3480-4DDB-89B6-562F39E32AE3}"
EndProject
Project("{2150E333-8FDC-42A3-9474-1A3956D46DE8}") = "Persistence", "Persistence", "{1E4224D9-FCFE-4841-B1B8-A75EFD4FA03B}"
EndProject
Project("{2150E333-8FDC-42A3-9474-1A3956D46DE8}") = "Services", "Services", "{C0696177-C948-449C-B489-788B05502D36}"
EndProject
Project("{9A19103F-16F7-4668-BE54-9A1E7A4F7556}") = "Order.Api", "..\Kodoti-Commerce-Microservice-Architecture-.NET-Core-master\src\Services\Order\Order.Api\Order.Api.csproj", "{D6D5DA8A-15C0-4E68-BC3B-0AB3BD50BBDB}"
EndProject
Project("{9A19103F-16F7-4668-BE54-9A1E7A4F7556}") = "Order.Domain", "..\Kodoti-Commerce-Microservice-Architecture-.NET-Core-master\src\Services\Order\Order.Domain\Order.Domain.csproj", "{449ADA8D-2337-46AF-B022-269B95AE5690}"
EndProject
Project("{9A19103F-16F7-4668-BE54-9A1E7A4F7556}") = "Order.Persistence.Database", "..\Kodoti-Commerce-Microservice-Architecture-.NET-Core-master\src\Services\Order\Order.Persistence.Database\Order.Persistence.Database.csproj", "{C27CD8E7-95DD-45C1-B4AB-54F23DA8AB97}"
EndProject
Project("{9A19103F-16F7-4668-BE54-9A1E7A4F7556}") = "Order.Service.EventHandlers", "..\Kodoti-Commerce-Microservice-Architecture-.NET-Core-master\src\Services\Order\Order.Service.EventHandlers\Order.Service.EventHandlers.csproj", "{C08DBF71-F5E5-4C4D-A17D-687BED06A26F}"
EndProject
Project("{9A19103F-16F7-4668-BE54-9A1E7A4F7556}") = "Order.Service.Proxies", "..\Kodoti-Commerce-Microservice-Architecture-.NET-Core-master\src\Services\Order\Order.Service.Proxies\Order.Service.Proxies.csproj", "{ACCBC2EF-2937-4918-8407-86D76CF783CC}"
EndProject
Project("{9A19103F-16F7-4668-BE54-9A1E7A4F7556}") = "Order.Service.Queries", "..\Kodoti-Commerce-Microservice-Architecture-.NET-Core-master\src\Services\Order\Order.Service.Queries\Order.Service.Queries.csproj", "{E4322001-0470-4C8A-9F8A-8CF5B53F7170}"
EndProject
Project("{2150E333-8FDC-42A3-9474-1A3956D46DE8}") = "Common", "Common", "{722168F0-71DB-46AC-9EA6-B13F63CCAB1E}"
EndProject
Project("{9A19103F-16F7-4668-BE54-9A1E7A4F7556}") = "Order.Common", "..\Kodoti-Commerce-Microservice-Architecture-.NET-Core-master\src\Services\Order\Order.Common\Order.Common.csproj", "{586F283A-3B56-4A82-ABD3-9A14DFEF0CAB}"
EndProject
Project("{2150E333-8FDC-42A3-9474-1A3956D46DE8}") = "Api", "Api", "{475FCC20-50F6-4482-BCB4-9F46A0FB2042}"
EndProject
Project("{9A19103F-16F7-4668-BE54-9A1E7A4F7556}") = "Api.Gateway.Models", "..\Kodoti-Commerce-Microservice-Architecture-.NET-Core-master\src\Gateways\Api.Gateway.Models\Api.Gateway.Models.csproj", "{C3628191-ECA2-4A4E-BEAB-F3B1AD776351}"
EndProject
Project("{9A19103F-16F7-4668-BE54-9A1E7A4F7556}") = "Api.Gateway.Proxies", "..\Kodoti-Commerce-Microservice-Architecture-.NET-Core-master\src\Gateways\Api.Gateway.Proxies\Api.Gateway.Proxies.csproj", "{4FF9948A-479B-452A-AC25-3FA15E0A7C28}"
EndProject
Project("{9A19103F-16F7-4668-BE54-9A1E7A4F7556}") = "Api.Gateway.WebClient", "..\Kodoti-Commerce-Microservice-Architecture-.NET-Core-master\src\Gateways\Api.Gateway.WebClient\Api.Gateway.WebClient.csproj", "{D1E97A94-F644-440F-BA61-6DBA1690C90E}"
EndProject
Global
	GlobalSection(SolutionConfigurationPlatforms) = preSolution
		Debug|Any CPU = Debug|Any CPU
		Release|Any CPU = Release|Any CPU
	EndGlobalSection
	GlobalSection(ProjectConfigurationPlatforms) = postSolution
		{6DFB3351-14FB-4F2C-A923-5A171389E9E3}.Debug|Any CPU.ActiveCfg = Debug|Any CPU
		{6DFB3351-14FB-4F2C-A923-5A171389E9E3}.Debug|Any CPU.Build.0 = Debug|Any CPU
		{6DFB3351-14FB-4F2C-A923-5A171389E9E3}.Release|Any CPU.ActiveCfg = Release|Any CPU
		{6DFB3351-14FB-4F2C-A923-5A171389E9E3}.Release|Any CPU.Build.0 = Release|Any CPU
		{B491FA23-E334-46E4-B7BE-62649EDBE62A}.Debug|Any CPU.ActiveCfg = Debug|Any CPU
		{B491FA23-E334-46E4-B7BE-62649EDBE62A}.Debug|Any CPU.Build.0 = Debug|Any CPU
		{B491FA23-E334-46E4-B7BE-62649EDBE62A}.Release|Any CPU.ActiveCfg = Release|Any CPU
		{B491FA23-E334-46E4-B7BE-62649EDBE62A}.Release|Any CPU.Build.0 = Release|Any CPU
		{FB033CF3-9FBC-41E2-AD84-19282DC0A3EC}.Debug|Any CPU.ActiveCfg = Debug|Any CPU
		{FB033CF3-9FBC-41E2-AD84-19282DC0A3EC}.Debug|Any CPU.Build.0 = Debug|Any CPU
		{FB033CF3-9FBC-41E2-AD84-19282DC0A3EC}.Release|Any CPU.ActiveCfg = Release|Any CPU
		{FB033CF3-9FBC-41E2-AD84-19282DC0A3EC}.Release|Any CPU.Build.0 = Release|Any CPU
		{A9B99D3E-7FB6-4BF2-BF72-F23F2C5B92F4}.Debug|Any CPU.ActiveCfg = Debug|Any CPU
		{A9B99D3E-7FB6-4BF2-BF72-F23F2C5B92F4}.Debug|Any CPU.Build.0 = Debug|Any CPU
		{A9B99D3E-7FB6-4BF2-BF72-F23F2C5B92F4}.Release|Any CPU.ActiveCfg = Release|Any CPU
		{A9B99D3E-7FB6-4BF2-BF72-F23F2C5B92F4}.Release|Any CPU.Build.0 = Release|Any CPU
		{DA777310-4A81-48EC-9B28-1D10C51D8D63}.Debug|Any CPU.ActiveCfg = Debug|Any CPU
		{DA777310-4A81-48EC-9B28-1D10C51D8D63}.Debug|Any CPU.Build.0 = Debug|Any CPU
		{DA777310-4A81-48EC-9B28-1D10C51D8D63}.Release|Any CPU.ActiveCfg = Release|Any CPU
		{DA777310-4A81-48EC-9B28-1D10C51D8D63}.Release|Any CPU.Build.0 = Release|Any CPU
		{36900C45-0CA8-4721-81E5-DAA4A58EC24C}.Debug|Any CPU.ActiveCfg = Debug|Any CPU
		{36900C45-0CA8-4721-81E5-DAA4A58EC24C}.Debug|Any CPU.Build.0 = Debug|Any CPU
		{36900C45-0CA8-4721-81E5-DAA4A58EC24C}.Release|Any CPU.ActiveCfg = Release|Any CPU
		{36900C45-0CA8-4721-81E5-DAA4A58EC24C}.Release|Any CPU.Build.0 = Release|Any CPU
		{5CFBE153-CE22-454E-9E32-FE940C57BD8E}.Debug|Any CPU.ActiveCfg = Debug|Any CPU
		{5CFBE153-CE22-454E-9E32-FE940C57BD8E}.Debug|Any CPU.Build.0 = Debug|Any CPU
		{5CFBE153-CE22-454E-9E32-FE940C57BD8E}.Release|Any CPU.ActiveCfg = Release|Any CPU
		{5CFBE153-CE22-454E-9E32-FE940C57BD8E}.Release|Any CPU.Build.0 = Release|Any CPU
		{D8FA72D0-FA58-44ED-9946-323F3B32CFE4}.Debug|Any CPU.ActiveCfg = Debug|Any CPU
		{D8FA72D0-FA58-44ED-9946-323F3B32CFE4}.Debug|Any CPU.Build.0 = Debug|Any CPU
		{D8FA72D0-FA58-44ED-9946-323F3B32CFE4}.Release|Any CPU.ActiveCfg = Release|Any CPU
		{D8FA72D0-FA58-44ED-9946-323F3B32CFE4}.Release|Any CPU.Build.0 = Release|Any CPU
		{71CC5942-72C6-4EE6-AA1A-82597F1D4581}.Debug|Any CPU.ActiveCfg = Debug|Any CPU
		{71CC5942-72C6-4EE6-AA1A-82597F1D4581}.Debug|Any CPU.Build.0 = Debug|Any CPU
		{71CC5942-72C6-4EE6-AA1A-82597F1D4581}.Release|Any CPU.ActiveCfg = Release|Any CPU
		{71CC5942-72C6-4EE6-AA1A-82597F1D4581}.Release|Any CPU.Build.0 = Release|Any CPU
		{F5CACD3C-6F9D-4BF1-A81E-9E057AC477A6}.Debug|Any CPU.ActiveCfg = Debug|Any CPU
		{F5CACD3C-6F9D-4BF1-A81E-9E057AC477A6}.Debug|Any CPU.Build.0 = Debug|Any CPU
		{F5CACD3C-6F9D-4BF1-A81E-9E057AC477A6}.Release|Any CPU.ActiveCfg = Release|Any CPU
		{F5CACD3C-6F9D-4BF1-A81E-9E057AC477A6}.Release|Any CPU.Build.0 = Release|Any CPU
		{22BEBF0A-6895-4ACB-84AE-697DFA7CF7BC}.Debug|Any CPU.ActiveCfg = Debug|Any CPU
		{22BEBF0A-6895-4ACB-84AE-697DFA7CF7BC}.Debug|Any CPU.Build.0 = Debug|Any CPU
		{22BEBF0A-6895-4ACB-84AE-697DFA7CF7BC}.Release|Any CPU.ActiveCfg = Release|Any CPU
		{22BEBF0A-6895-4ACB-84AE-697DFA7CF7BC}.Release|Any CPU.Build.0 = Release|Any CPU
		{0C039864-513B-4D8C-856E-5E7EF1D3983B}.Debug|Any CPU.ActiveCfg = Debug|Any CPU
		{0C039864-513B-4D8C-856E-5E7EF1D3983B}.Debug|Any CPU.Build.0 = Debug|Any CPU
		{0C039864-513B-4D8C-856E-5E7EF1D3983B}.Release|Any CPU.ActiveCfg = Release|Any CPU
		{0C039864-513B-4D8C-856E-5E7EF1D3983B}.Release|Any CPU.Build.0 = Release|Any CPU
		{F8B560F6-140B-4334-A489-C14609AAD8AE}.Debug|Any CPU.ActiveCfg = Debug|Any CPU
		{F8B560F6-140B-4334-A489-C14609AAD8AE}.Debug|Any CPU.Build.0 = Debug|Any CPU
		{F8B560F6-140B-4334-A489-C14609AAD8AE}.Release|Any CPU.ActiveCfg = Release|Any CPU
		{F8B560F6-140B-4334-A489-C14609AAD8AE}.Release|Any CPU.Build.0 = Release|Any CPU
		{E8DBEE08-034E-459B-9DE6-7C39B1967348}.Debug|Any CPU.ActiveCfg = Debug|Any CPU
		{E8DBEE08-034E-459B-9DE6-7C39B1967348}.Debug|Any CPU.Build.0 = Debug|Any CPU
		{E8DBEE08-034E-459B-9DE6-7C39B1967348}.Release|Any CPU.ActiveCfg = Release|Any CPU
		{E8DBEE08-034E-459B-9DE6-7C39B1967348}.Release|Any CPU.Build.0 = Release|Any CPU
		{EB90F022-566E-4175-9B34-03AB7853D426}.Debug|Any CPU.ActiveCfg = Debug|Any CPU
		{EB90F022-566E-4175-9B34-03AB7853D426}.Debug|Any CPU.Build.0 = Debug|Any CPU
		{EB90F022-566E-4175-9B34-03AB7853D426}.Release|Any CPU.ActiveCfg = Release|Any CPU
		{EB90F022-566E-4175-9B34-03AB7853D426}.Release|Any CPU.Build.0 = Release|Any CPU
		{08814EA7-45C5-4389-864C-9F18775B5040}.Debug|Any CPU.ActiveCfg = Debug|Any CPU
		{08814EA7-45C5-4389-864C-9F18775B5040}.Debug|Any CPU.Build.0 = Debug|Any CPU
		{08814EA7-45C5-4389-864C-9F18775B5040}.Release|Any CPU.ActiveCfg = Release|Any CPU
		{08814EA7-45C5-4389-864C-9F18775B5040}.Release|Any CPU.Build.0 = Release|Any CPU
		{A834DB1D-D51F-43C3-87F2-2CF9F529ACFD}.Debug|Any CPU.ActiveCfg = Debug|Any CPU
		{A834DB1D-D51F-43C3-87F2-2CF9F529ACFD}.Debug|Any CPU.Build.0 = Debug|Any CPU
		{A834DB1D-D51F-43C3-87F2-2CF9F529ACFD}.Release|Any CPU.ActiveCfg = Release|Any CPU
		{A834DB1D-D51F-43C3-87F2-2CF9F529ACFD}.Release|Any CPU.Build.0 = Release|Any CPU
		{D6D5DA8A-15C0-4E68-BC3B-0AB3BD50BBDB}.Debug|Any CPU.ActiveCfg = Debug|Any CPU
		{D6D5DA8A-15C0-4E68-BC3B-0AB3BD50BBDB}.Debug|Any CPU.Build.0 = Debug|Any CPU
		{D6D5DA8A-15C0-4E68-BC3B-0AB3BD50BBDB}.Release|Any CPU.ActiveCfg = Release|Any CPU
		{D6D5DA8A-15C0-4E68-BC3B-0AB3BD50BBDB}.Release|Any CPU.Build.0 = Release|Any CPU
		{449ADA8D-2337-46AF-B022-269B95AE5690}.Debug|Any CPU.ActiveCfg = Debug|Any CPU
		{449ADA8D-2337-46AF-B022-269B95AE5690}.Debug|Any CPU.Build.0 = Debug|Any CPU
		{449ADA8D-2337-46AF-B022-269B95AE5690}.Release|Any CPU.ActiveCfg = Release|Any CPU
		{449ADA8D-2337-46AF-B022-269B95AE5690}.Release|Any CPU.Build.0 = Release|Any CPU
		{C27CD8E7-95DD-45C1-B4AB-54F23DA8AB97}.Debug|Any CPU.ActiveCfg = Debug|Any CPU
		{C27CD8E7-95DD-45C1-B4AB-54F23DA8AB97}.Debug|Any CPU.Build.0 = Debug|Any CPU
		{C27CD8E7-95DD-45C1-B4AB-54F23DA8AB97}.Release|Any CPU.ActiveCfg = Release|Any CPU
		{C27CD8E7-95DD-45C1-B4AB-54F23DA8AB97}.Release|Any CPU.Build.0 = Release|Any CPU
		{C08DBF71-F5E5-4C4D-A17D-687BED06A26F}.Debug|Any CPU.ActiveCfg = Debug|Any CPU
		{C08DBF71-F5E5-4C4D-A17D-687BED06A26F}.Debug|Any CPU.Build.0 = Debug|Any CPU
		{C08DBF71-F5E5-4C4D-A17D-687BED06A26F}.Release|Any CPU.ActiveCfg = Release|Any CPU
		{C08DBF71-F5E5-4C4D-A17D-687BED06A26F}.Release|Any CPU.Build.0 = Release|Any CPU
		{ACCBC2EF-2937-4918-8407-86D76CF783CC}.Debug|Any CPU.ActiveCfg = Debug|Any CPU
		{ACCBC2EF-2937-4918-8407-86D76CF783CC}.Debug|Any CPU.Build.0 = Debug|Any CPU
		{ACCBC2EF-2937-4918-8407-86D76CF783CC}.Release|Any CPU.ActiveCfg = Release|Any CPU
		{ACCBC2EF-2937-4918-8407-86D76CF783CC}.Release|Any CPU.Build.0 = Release|Any CPU
		{E4322001-0470-4C8A-9F8A-8CF5B53F7170}.Debug|Any CPU.ActiveCfg = Debug|Any CPU
		{E4322001-0470-4C8A-9F8A-8CF5B53F7170}.Debug|Any CPU.Build.0 = Debug|Any CPU
		{E4322001-0470-4C8A-9F8A-8CF5B53F7170}.Release|Any CPU.ActiveCfg = Release|Any CPU
		{E4322001-0470-4C8A-9F8A-8CF5B53F7170}.Release|Any CPU.Build.0 = Release|Any CPU
		{586F283A-3B56-4A82-ABD3-9A14DFEF0CAB}.Debug|Any CPU.ActiveCfg = Debug|Any CPU
		{586F283A-3B56-4A82-ABD3-9A14DFEF0CAB}.Debug|Any CPU.Build.0 = Debug|Any CPU
		{586F283A-3B56-4A82-ABD3-9A14DFEF0CAB}.Release|Any CPU.ActiveCfg = Release|Any CPU
		{586F283A-3B56-4A82-ABD3-9A14DFEF0CAB}.Release|Any CPU.Build.0 = Release|Any CPU
		{C3628191-ECA2-4A4E-BEAB-F3B1AD776351}.Debug|Any CPU.ActiveCfg = Debug|Any CPU
		{C3628191-ECA2-4A4E-BEAB-F3B1AD776351}.Debug|Any CPU.Build.0 = Debug|Any CPU
		{C3628191-ECA2-4A4E-BEAB-F3B1AD776351}.Release|Any CPU.ActiveCfg = Release|Any CPU
		{C3628191-ECA2-4A4E-BEAB-F3B1AD776351}.Release|Any CPU.Build.0 = Release|Any CPU
		{4FF9948A-479B-452A-AC25-3FA15E0A7C28}.Debug|Any CPU.ActiveCfg = Debug|Any CPU
		{4FF9948A-479B-452A-AC25-3FA15E0A7C28}.Debug|Any CPU.Build.0 = Debug|Any CPU
		{4FF9948A-479B-452A-AC25-3FA15E0A7C28}.Release|Any CPU.ActiveCfg = Release|Any CPU
		{4FF9948A-479B-452A-AC25-3FA15E0A7C28}.Release|Any CPU.Build.0 = Release|Any CPU
		{D1E97A94-F644-440F-BA61-6DBA1690C90E}.Debug|Any CPU.ActiveCfg = Debug|Any CPU
		{D1E97A94-F644-440F-BA61-6DBA1690C90E}.Debug|Any CPU.Build.0 = Debug|Any CPU
		{D1E97A94-F644-440F-BA61-6DBA1690C90E}.Release|Any CPU.ActiveCfg = Release|Any CPU
		{D1E97A94-F644-440F-BA61-6DBA1690C90E}.Release|Any CPU.Build.0 = Release|Any CPU
	EndGlobalSection
	GlobalSection(SolutionProperties) = preSolution
		HideSolutionNode = FALSE
	EndGlobalSection
	GlobalSection(NestedProjects) = preSolution
		{9F3903EA-A144-4F3A-B944-C1B35BAF668F} = {9412916C-2C41-445D-8EF2-FCD934C7F7FF}
		{101DCDBE-D247-4B5E-AEA9-B7F8938A7827} = {9412916C-2C41-445D-8EF2-FCD934C7F7FF}
		{0DD6EEAE-734C-49EE-BE69-B4B2F6B316CE} = {9412916C-2C41-445D-8EF2-FCD934C7F7FF}
		{B51784CD-BA04-4DBE-B268-3A8F9F0B7C37} = {9412916C-2C41-445D-8EF2-FCD934C7F7FF}
		{6DFB3351-14FB-4F2C-A923-5A171389E9E3} = {CF2AFBE1-80AD-4F2E-BF26-72721E316E41}
		{CF2AFBE1-80AD-4F2E-BF26-72721E316E41} = {101DCDBE-D247-4B5E-AEA9-B7F8938A7827}
		{9791F4F8-D74F-43FC-878A-F8E9CAD811A2} = {101DCDBE-D247-4B5E-AEA9-B7F8938A7827}
		{94F5D37F-F35E-4285-94C2-81A85BA8BFF5} = {101DCDBE-D247-4B5E-AEA9-B7F8938A7827}
		{01F26B42-251A-4BAF-81AF-0D775F58E0E7} = {101DCDBE-D247-4B5E-AEA9-B7F8938A7827}
		{B491FA23-E334-46E4-B7BE-62649EDBE62A} = {01F26B42-251A-4BAF-81AF-0D775F58E0E7}
		{FB033CF3-9FBC-41E2-AD84-19282DC0A3EC} = {94F5D37F-F35E-4285-94C2-81A85BA8BFF5}
		{A9B99D3E-7FB6-4BF2-BF72-F23F2C5B92F4} = {9791F4F8-D74F-43FC-878A-F8E9CAD811A2}
		{0674DEE8-DD7F-40F7-9F29-D4E7F203BA74} = {9412916C-2C41-445D-8EF2-FCD934C7F7FF}
		{DA777310-4A81-48EC-9B28-1D10C51D8D63} = {0674DEE8-DD7F-40F7-9F29-D4E7F203BA74}
		{36900C45-0CA8-4721-81E5-DAA4A58EC24C} = {0674DEE8-DD7F-40F7-9F29-D4E7F203BA74}
		{5CFBE153-CE22-454E-9E32-FE940C57BD8E} = {0674DEE8-DD7F-40F7-9F29-D4E7F203BA74}
		{6BE93CE8-82F6-4942-B385-20E201318BD8} = {9F3903EA-A144-4F3A-B944-C1B35BAF668F}
		{5FBCE1D9-FB36-4EF6-AC46-399D70540F79} = {9F3903EA-A144-4F3A-B944-C1B35BAF668F}
		{B5BBC00C-06C0-4B3E-AD42-4EB203EF28F8} = {9F3903EA-A144-4F3A-B944-C1B35BAF668F}
		{EBB82A99-04EC-42B1-AB9C-217A8343EA55} = {9F3903EA-A144-4F3A-B944-C1B35BAF668F}
		{D8FA72D0-FA58-44ED-9946-323F3B32CFE4} = {6BE93CE8-82F6-4942-B385-20E201318BD8}
		{71CC5942-72C6-4EE6-AA1A-82597F1D4581} = {5FBCE1D9-FB36-4EF6-AC46-399D70540F79}
		{F5CACD3C-6F9D-4BF1-A81E-9E057AC477A6} = {5FBCE1D9-FB36-4EF6-AC46-399D70540F79}
		{22BEBF0A-6895-4ACB-84AE-697DFA7CF7BC} = {EBB82A99-04EC-42B1-AB9C-217A8343EA55}
		{0C039864-513B-4D8C-856E-5E7EF1D3983B} = {B5BBC00C-06C0-4B3E-AD42-4EB203EF28F8}
		{7D29F73C-4702-4F80-960A-C3E7BCFB1638} = {0DD6EEAE-734C-49EE-BE69-B4B2F6B316CE}
		{BE70588D-CFAD-42C6-B145-4253E23C8717} = {0DD6EEAE-734C-49EE-BE69-B4B2F6B316CE}
		{7D5E48BE-710B-4C1D-8A8F-41575C7AC2B8} = {0DD6EEAE-734C-49EE-BE69-B4B2F6B316CE}
		{9552726C-3187-4624-8383-A4CCC09C3ABD} = {0DD6EEAE-734C-49EE-BE69-B4B2F6B316CE}
		{F8B560F6-140B-4334-A489-C14609AAD8AE} = {7D29F73C-4702-4F80-960A-C3E7BCFB1638}
		{E8DBEE08-034E-459B-9DE6-7C39B1967348} = {9552726C-3187-4624-8383-A4CCC09C3ABD}
		{EB90F022-566E-4175-9B34-03AB7853D426} = {7D5E48BE-710B-4C1D-8A8F-41575C7AC2B8}
		{08814EA7-45C5-4389-864C-9F18775B5040} = {BE70588D-CFAD-42C6-B145-4253E23C8717}
		{A834DB1D-D51F-43C3-87F2-2CF9F529ACFD} = {BE70588D-CFAD-42C6-B145-4253E23C8717}
		{9479F335-7DD6-44B1-BD42-9C5EC97A0AB9} = {B51784CD-BA04-4DBE-B268-3A8F9F0B7C37}
		{FA1327DE-7488-4ECE-89CE-27051A3135C1} = {B51784CD-BA04-4DBE-B268-3A8F9F0B7C37}
		{B3822EFA-3480-4DDB-89B6-562F39E32AE3} = {B51784CD-BA04-4DBE-B268-3A8F9F0B7C37}
		{1E4224D9-FCFE-4841-B1B8-A75EFD4FA03B} = {B51784CD-BA04-4DBE-B268-3A8F9F0B7C37}
		{C0696177-C948-449C-B489-788B05502D36} = {B51784CD-BA04-4DBE-B268-3A8F9F0B7C37}
		{D6D5DA8A-15C0-4E68-BC3B-0AB3BD50BBDB} = {FA1327DE-7488-4ECE-89CE-27051A3135C1}
		{449ADA8D-2337-46AF-B022-269B95AE5690} = {B3822EFA-3480-4DDB-89B6-562F39E32AE3}
		{C27CD8E7-95DD-45C1-B4AB-54F23DA8AB97} = {1E4224D9-FCFE-4841-B1B8-A75EFD4FA03B}
		{C08DBF71-F5E5-4C4D-A17D-687BED06A26F} = {1E4224D9-FCFE-4841-B1B8-A75EFD4FA03B}
		{ACCBC2EF-2937-4918-8407-86D76CF783CC} = {C0696177-C948-449C-B489-788B05502D36}
		{E4322001-0470-4C8A-9F8A-8CF5B53F7170} = {C0696177-C948-449C-B489-788B05502D36}
		{722168F0-71DB-46AC-9EA6-B13F63CCAB1E} = {B51784CD-BA04-4DBE-B268-3A8F9F0B7C37}
		{586F283A-3B56-4A82-ABD3-9A14DFEF0CAB} = {722168F0-71DB-46AC-9EA6-B13F63CCAB1E}
		{475FCC20-50F6-4482-BCB4-9F46A0FB2042} = {FE458544-43FF-4659-9DCC-EC31E7239810}
		{C3628191-ECA2-4A4E-BEAB-F3B1AD776351} = {FE458544-43FF-4659-9DCC-EC31E7239810}
		{4FF9948A-479B-452A-AC25-3FA15E0A7C28} = {FE458544-43FF-4659-9DCC-EC31E7239810}
		{D1E97A94-F644-440F-BA61-6DBA1690C90E} = {475FCC20-50F6-4482-BCB4-9F46A0FB2042}
	EndGlobalSection
	GlobalSection(ExtensibilityGlobals) = postSolution
		SolutionGuid = {C48E4EC9-2449-44D9-BDA2-E88227B1DDB6}
	EndGlobalSection
EndGlobal
